
Microsoft Visual Studio Solution File, Format Version 12.00
# Visual Studio Version 17
VisualStudioVersion = 17.9.34701.34
MinimumVisualStudioVersion = 10.0.40219.1
Project("{FAE04EC0-301F-11D3-BF4B-00C04F79EFBC}") = "SalesManagementPortal", "SalesManagementPortal\SalesManagementPortal.csproj", "{A8E4E2D2-0B37-4419-818E-2ECBD772AE43}"
EndProject
Global
	GlobalSection(SolutionConfigurationPlatforms) = preSolution
		Debug|Any CPU = Debug|Any CPU
		Release|Any CPU = Release|Any CPU
	EndGlobalSection
	GlobalSection(ProjectConfigurationPlatforms) = postSolution
		{A8E4E2D2-0B37-4419-818E-2ECBD772AE43}.Debug|Any CPU.ActiveCfg = Debug|Any CPU
		{A8E4E2D2-0B37-4419-818E-2ECBD772AE43}.Debug|Any CPU.Build.0 = Debug|Any CPU
		{A8E4E2D2-0B37-4419-818E-2ECBD772AE43}.Release|Any CPU.ActiveCfg = Release|Any CPU
		{A8E4E2D2-0B37-4419-818E-2ECBD772AE43}.Release|Any CPU.Build.0 = Release|Any CPU
	EndGlobalSection
	GlobalSection(SolutionProperties) = preSolution
		HideSolutionNode = FALSE
	EndGlobalSection
	GlobalSection(ExtensibilityGlobals) = postSolution
		SolutionGuid = {6B3F5685-FE2C-43E1-93B1-52A902B17ABB}
	EndGlobalSection
EndGlobal
